
Microsoft Visual Studio Solution File, Format Version 12.00
# Visual Studio Version 17
VisualStudioVersion = 17.13.35931.197 d17.13
MinimumVisualStudioVersion = 10.0.40219.1
Project("{FAE04EC0-301F-11D3-BF4B-00C04F79EFBC}") = "cliente", "cliente\cliente.csproj", "{660FE75C-6936-4927-86B6-9296B1961B53}"
EndProject
Global
	GlobalSection(SolutionConfigurationPlatforms) = preSolution
		Debug|Any CPU = Debug|Any CPU
		Release|Any CPU = Release|Any CPU
	EndGlobalSection
	GlobalSection(ProjectConfigurationPlatforms) = postSolution
		{660FE75C-6936-4927-86B6-9296B1961B53}.Debug|Any CPU.ActiveCfg = Debug|Any CPU
		{660FE75C-6936-4927-86B6-9296B1961B53}.Debug|Any CPU.Build.0 = Debug|Any CPU
		{660FE75C-6936-4927-86B6-9296B1961B53}.Release|Any CPU.ActiveCfg = Release|Any CPU
		{660FE75C-6936-4927-86B6-9296B1961B53}.Release|Any CPU.Build.0 = Release|Any CPU
	EndGlobalSection
	GlobalSection(SolutionProperties) = preSolution
		HideSolutionNode = FALSE
	EndGlobalSection
	GlobalSection(ExtensibilityGlobals) = postSolution
		SolutionGuid = {2079BDB8-78A1-4596-8C54-678B9A549D90}
	EndGlobalSection
EndGlobal
