
Microsoft Visual Studio Solution File, Format Version 12.00
# Visual Studio Version 17
VisualStudioVersion = 17.13.35931.197 d17.13
MinimumVisualStudioVersion = 10.0.40219.1
Project("{FAE04EC0-301F-11D3-BF4B-00C04F79EFBC}") = "sistemaPersona", "sistemaPersona\sistemaPersona.csproj", "{9DF6FE0A-1974-4360-87AB-C66879F075E5}"
EndProject
Global
	GlobalSection(SolutionConfigurationPlatforms) = preSolution
		Debug|Any CPU = Debug|Any CPU
		Debug|x64 = Debug|x64
		Release|Any CPU = Release|Any CPU
		Release|x64 = Release|x64
	EndGlobalSection
	GlobalSection(ProjectConfigurationPlatforms) = postSolution
		{9DF6FE0A-1974-4360-87AB-C66879F075E5}.Debug|Any CPU.ActiveCfg = Debug|Any CPU
		{9DF6FE0A-1974-4360-87AB-C66879F075E5}.Debug|Any CPU.Build.0 = Debug|Any CPU
		{9DF6FE0A-1974-4360-87AB-C66879F075E5}.Debug|x64.ActiveCfg = Debug|x64
		{9DF6FE0A-1974-4360-87AB-C66879F075E5}.Debug|x64.Build.0 = Debug|x64
		{9DF6FE0A-1974-4360-87AB-C66879F075E5}.Release|Any CPU.ActiveCfg = Release|Any CPU
		{9DF6FE0A-1974-4360-87AB-C66879F075E5}.Release|Any CPU.Build.0 = Release|Any CPU
		{9DF6FE0A-1974-4360-87AB-C66879F075E5}.Release|x64.ActiveCfg = Release|x64
		{9DF6FE0A-1974-4360-87AB-C66879F075E5}.Release|x64.Build.0 = Release|x64
	EndGlobalSection
	GlobalSection(SolutionProperties) = preSolution
		HideSolutionNode = FALSE
	EndGlobalSection
	GlobalSection(ExtensibilityGlobals) = postSolution
		SolutionGuid = {0E79D099-51A0-49A5-9FCE-649F312BB28B}
	EndGlobalSection
EndGlobal
