
Microsoft Visual Studio Solution File, Format Version 12.00
# Visual Studio Version 17
VisualStudioVersion = 17.13.35931.197 d17.13
MinimumVisualStudioVersion = 10.0.40219.1
Project("{FAE04EC0-301F-11D3-BF4B-00C04F79EFBC}") = "sistemaVenta", "sistemaVenta\sistemaVenta.csproj", "{59E73BC9-138D-4BF2-9596-873E45DA1B01}"
EndProject
Global
	GlobalSection(SolutionConfigurationPlatforms) = preSolution
		Debug|Any CPU = Debug|Any CPU
		Release|Any CPU = Release|Any CPU
	EndGlobalSection
	GlobalSection(ProjectConfigurationPlatforms) = postSolution
		{59E73BC9-138D-4BF2-9596-873E45DA1B01}.Debug|Any CPU.ActiveCfg = Debug|Any CPU
		{59E73BC9-138D-4BF2-9596-873E45DA1B01}.Debug|Any CPU.Build.0 = Debug|Any CPU
		{59E73BC9-138D-4BF2-9596-873E45DA1B01}.Release|Any CPU.ActiveCfg = Release|Any CPU
		{59E73BC9-138D-4BF2-9596-873E45DA1B01}.Release|Any CPU.Build.0 = Release|Any CPU
	EndGlobalSection
	GlobalSection(SolutionProperties) = preSolution
		HideSolutionNode = FALSE
	EndGlobalSection
	GlobalSection(ExtensibilityGlobals) = postSolution
		SolutionGuid = {8FBF8425-0A6D-4310-BD1E-B40BE88036A5}
	EndGlobalSection
EndGlobal
