
Microsoft Visual Studio Solution File, Format Version 12.00
# Visual Studio Version 17
VisualStudioVersion = 17.13.35931.197 d17.13
MinimumVisualStudioVersion = 10.0.40219.1
Project("{FAE04EC0-301F-11D3-BF4B-00C04F79EFBC}") = "Pago Cliente", "Pago Cliente\Pago Cliente.csproj", "{D17DD8D6-42D2-4FB6-887E-395146078FD9}"
EndProject
Global
	GlobalSection(SolutionConfigurationPlatforms) = preSolution
		Debug|Any CPU = Debug|Any CPU
		Release|Any CPU = Release|Any CPU
	EndGlobalSection
	GlobalSection(ProjectConfigurationPlatforms) = postSolution
		{D17DD8D6-42D2-4FB6-887E-395146078FD9}.Debug|Any CPU.ActiveCfg = Debug|Any CPU
		{D17DD8D6-42D2-4FB6-887E-395146078FD9}.Debug|Any CPU.Build.0 = Debug|Any CPU
		{D17DD8D6-42D2-4FB6-887E-395146078FD9}.Release|Any CPU.ActiveCfg = Release|Any CPU
		{D17DD8D6-42D2-4FB6-887E-395146078FD9}.Release|Any CPU.Build.0 = Release|Any CPU
	EndGlobalSection
	GlobalSection(SolutionProperties) = preSolution
		HideSolutionNode = FALSE
	EndGlobalSection
	GlobalSection(ExtensibilityGlobals) = postSolution
		SolutionGuid = {273DDDF5-B1F5-4FB3-A6C1-2BF19AD8094F}
	EndGlobalSection
EndGlobal
